
Microsoft Visual Studio Solution File, Format Version 12.00
# Visual Studio Version 16
VisualStudioVersion = 16.0.31112.23
MinimumVisualStudioVersion = 10.0.40219.1
Project("{9A19103F-16F7-4668-BE54-9A1E7A4F7556}") = "CesarASCIIEncrypt", "CesarASCIIEncrypt.csproj", "{8B622EA4-ABE1-4097-9548-B09C08B1A43C}"
EndProject
Project("{2150E333-8FDC-42A3-9474-1A3956D46DE8}") = "Solution Items", "Solution Items", "{D4267EC5-40D5-4578-B8FF-B4A1117BE4E4}"
	ProjectSection(SolutionItems) = preProject
		.editorconfig = .editorconfig
	EndProjectSection
EndProject
Global
	GlobalSection(SolutionConfigurationPlatforms) = preSolution
		Debug|Any CPU = Debug|Any CPU
		Release|Any CPU = Release|Any CPU
	EndGlobalSection
	GlobalSection(ProjectConfigurationPlatforms) = postSolution
		{8B622EA4-ABE1-4097-9548-B09C08B1A43C}.Debug|Any CPU.ActiveCfg = Debug|Any CPU
		{8B622EA4-ABE1-4097-9548-B09C08B1A43C}.Debug|Any CPU.Build.0 = Debug|Any CPU
		{8B622EA4-ABE1-4097-9548-B09C08B1A43C}.Release|Any CPU.ActiveCfg = Release|Any CPU
		{8B622EA4-ABE1-4097-9548-B09C08B1A43C}.Release|Any CPU.Build.0 = Release|Any CPU
	EndGlobalSection
	GlobalSection(SolutionProperties) = preSolution
		HideSolutionNode = FALSE
	EndGlobalSection
	GlobalSection(ExtensibilityGlobals) = postSolution
		SolutionGuid = {F4656194-1D2A-4F7A-9571-5B8BEBAD119D}
	EndGlobalSection
EndGlobal
